
Microsoft Visual Studio Solution File, Format Version 12.00
Project("{FAE04EC0-301F-11D3-BF4B-00C04F79EFBC}") = "IlkSinif", "IlkSinif\IlkSinif.csproj", "{D190E0ED-710E-46C8-85D2-A173E66EFAC5}"
EndProject
Project("{FAE04EC0-301F-11D3-BF4B-00C04F79EFBC}") = "Constructer", "Constructer\Constructer.csproj", "{22D033D1-A6F9-4386-9145-BC5ADD437C2F}"
EndProject
Project("{FAE04EC0-301F-11D3-BF4B-00C04F79EFBC}") = "Kutuphane", "Kutuphane\Kutuphane.csproj", "{62E4E787-5C20-4350-919C-5D77F34B0D07}"
EndProject
Project("{FAE04EC0-301F-11D3-BF4B-00C04F79EFBC}") = "Encapsulation", "Encapsulation\Encapsulation.csproj", "{6387D27A-57E9-4B14-B780-63ACDC607717}"
EndProject
Project("{FAE04EC0-301F-11D3-BF4B-00C04F79EFBC}") = "Inheritance", "Inheritance\Inheritance.csproj", "{02FF094F-176D-4656-830C-4DB7A101FE53}"
EndProject
Global
	GlobalSection(SolutionConfigurationPlatforms) = preSolution
		Debug|Any CPU = Debug|Any CPU
		Release|Any CPU = Release|Any CPU
	EndGlobalSection
	GlobalSection(ProjectConfigurationPlatforms) = postSolution
		{D190E0ED-710E-46C8-85D2-A173E66EFAC5}.Debug|Any CPU.ActiveCfg = Debug|Any CPU
		{D190E0ED-710E-46C8-85D2-A173E66EFAC5}.Debug|Any CPU.Build.0 = Debug|Any CPU
		{D190E0ED-710E-46C8-85D2-A173E66EFAC5}.Release|Any CPU.ActiveCfg = Release|Any CPU
		{D190E0ED-710E-46C8-85D2-A173E66EFAC5}.Release|Any CPU.Build.0 = Release|Any CPU
		{22D033D1-A6F9-4386-9145-BC5ADD437C2F}.Debug|Any CPU.ActiveCfg = Debug|Any CPU
		{22D033D1-A6F9-4386-9145-BC5ADD437C2F}.Debug|Any CPU.Build.0 = Debug|Any CPU
		{22D033D1-A6F9-4386-9145-BC5ADD437C2F}.Release|Any CPU.ActiveCfg = Release|Any CPU
		{22D033D1-A6F9-4386-9145-BC5ADD437C2F}.Release|Any CPU.Build.0 = Release|Any CPU
		{62E4E787-5C20-4350-919C-5D77F34B0D07}.Debug|Any CPU.ActiveCfg = Debug|Any CPU
		{62E4E787-5C20-4350-919C-5D77F34B0D07}.Debug|Any CPU.Build.0 = Debug|Any CPU
		{62E4E787-5C20-4350-919C-5D77F34B0D07}.Release|Any CPU.ActiveCfg = Release|Any CPU
		{62E4E787-5C20-4350-919C-5D77F34B0D07}.Release|Any CPU.Build.0 = Release|Any CPU
		{6387D27A-57E9-4B14-B780-63ACDC607717}.Debug|Any CPU.ActiveCfg = Debug|Any CPU
		{6387D27A-57E9-4B14-B780-63ACDC607717}.Debug|Any CPU.Build.0 = Debug|Any CPU
		{6387D27A-57E9-4B14-B780-63ACDC607717}.Release|Any CPU.ActiveCfg = Release|Any CPU
		{6387D27A-57E9-4B14-B780-63ACDC607717}.Release|Any CPU.Build.0 = Release|Any CPU
		{02FF094F-176D-4656-830C-4DB7A101FE53}.Debug|Any CPU.ActiveCfg = Debug|Any CPU
		{02FF094F-176D-4656-830C-4DB7A101FE53}.Debug|Any CPU.Build.0 = Debug|Any CPU
		{02FF094F-176D-4656-830C-4DB7A101FE53}.Release|Any CPU.ActiveCfg = Release|Any CPU
		{02FF094F-176D-4656-830C-4DB7A101FE53}.Release|Any CPU.Build.0 = Release|Any CPU
	EndGlobalSection
EndGlobal
